
Microsoft Visual Studio Solution File, Format Version 12.00
# Visual Studio Version 17
VisualStudioVersion = 17.1.32414.318
MinimumVisualStudioVersion = 10.0.40219.1
Project("{FAE04EC0-301F-11D3-BF4B-00C04F79EFBC}") = "Ch11Ex04", "Ch11Ex04.csproj", "{1EA0DC06-0A54-48E2-9420-4BEEFE1AFC60}"
EndProject
Global
	GlobalSection(SolutionConfigurationPlatforms) = preSolution
		Debug|Any CPU = Debug|Any CPU
		Release|Any CPU = Release|Any CPU
	EndGlobalSection
	GlobalSection(ProjectConfigurationPlatforms) = postSolution
		{1EA0DC06-0A54-48E2-9420-4BEEFE1AFC60}.Debug|Any CPU.ActiveCfg = Debug|Any CPU
		{1EA0DC06-0A54-48E2-9420-4BEEFE1AFC60}.Debug|Any CPU.Build.0 = Debug|Any CPU
		{1EA0DC06-0A54-48E2-9420-4BEEFE1AFC60}.Release|Any CPU.ActiveCfg = Release|Any CPU
		{1EA0DC06-0A54-48E2-9420-4BEEFE1AFC60}.Release|Any CPU.Build.0 = Release|Any CPU
	EndGlobalSection
	GlobalSection(SolutionProperties) = preSolution
		HideSolutionNode = FALSE
	EndGlobalSection
	GlobalSection(ExtensibilityGlobals) = postSolution
		SolutionGuid = {2363F51A-45B7-4B83-BBCE-C71B4ABF7D26}
	EndGlobalSection
EndGlobal
