
Microsoft Visual Studio Solution File, Format Version 12.00
# Visual Studio Version 17
VisualStudioVersion = 17.1.32414.318
MinimumVisualStudioVersion = 10.0.40219.1
Project("{FAE04EC0-301F-11D3-BF4B-00C04F79EFBC}") = "BeginningCSharpAndDotNET_16_7_NumericAggregates", "BeginningCSharpAndDotNET_16_7_NumericAggregates.csproj", "{05D61901-EB12-4AA0-B928-3B80F08415FD}"
EndProject
Global
	GlobalSection(SolutionConfigurationPlatforms) = preSolution
		Debug|Any CPU = Debug|Any CPU
		Release|Any CPU = Release|Any CPU
	EndGlobalSection
	GlobalSection(ProjectConfigurationPlatforms) = postSolution
		{05D61901-EB12-4AA0-B928-3B80F08415FD}.Debug|Any CPU.ActiveCfg = Debug|Any CPU
		{05D61901-EB12-4AA0-B928-3B80F08415FD}.Debug|Any CPU.Build.0 = Debug|Any CPU
		{05D61901-EB12-4AA0-B928-3B80F08415FD}.Release|Any CPU.ActiveCfg = Release|Any CPU
		{05D61901-EB12-4AA0-B928-3B80F08415FD}.Release|Any CPU.Build.0 = Release|Any CPU
	EndGlobalSection
	GlobalSection(SolutionProperties) = preSolution
		HideSolutionNode = FALSE
	EndGlobalSection
	GlobalSection(ExtensibilityGlobals) = postSolution
		SolutionGuid = {B7B0E44C-A68B-47D2-8C4D-47F657EA756C}
	EndGlobalSection
EndGlobal
