
Microsoft Visual Studio Solution File, Format Version 12.00
# Visual Studio Version 17
VisualStudioVersion = 17.1.32414.318
MinimumVisualStudioVersion = 10.0.40219.1
Project("{FAE04EC0-301F-11D3-BF4B-00C04F79EFBC}") = "Ch09Exercises", "Ch09Exercises.csproj", "{590CE99A-B535-4A70-AA7D-1C5A2E0BAC64}"
EndProject
Global
	GlobalSection(SolutionConfigurationPlatforms) = preSolution
		Debug|Any CPU = Debug|Any CPU
		Release|Any CPU = Release|Any CPU
	EndGlobalSection
	GlobalSection(ProjectConfigurationPlatforms) = postSolution
		{590CE99A-B535-4A70-AA7D-1C5A2E0BAC64}.Debug|Any CPU.ActiveCfg = Debug|Any CPU
		{590CE99A-B535-4A70-AA7D-1C5A2E0BAC64}.Debug|Any CPU.Build.0 = Debug|Any CPU
		{590CE99A-B535-4A70-AA7D-1C5A2E0BAC64}.Release|Any CPU.ActiveCfg = Release|Any CPU
		{590CE99A-B535-4A70-AA7D-1C5A2E0BAC64}.Release|Any CPU.Build.0 = Release|Any CPU
	EndGlobalSection
	GlobalSection(SolutionProperties) = preSolution
		HideSolutionNode = FALSE
	EndGlobalSection
	GlobalSection(ExtensibilityGlobals) = postSolution
		SolutionGuid = {B6BE1A44-9BD1-4DE6-A552-F43ED2085CDC}
	EndGlobalSection
EndGlobal
