
Microsoft Visual Studio Solution File, Format Version 12.00
# Visual Studio Version 17
VisualStudioVersion = 17.1.32414.318
MinimumVisualStudioVersion = 10.0.40219.1
Project("{FAE04EC0-301F-11D3-BF4B-00C04F79EFBC}") = "StreamRead", "StreamRead.csproj", "{3BE2906C-2C7A-4A73-A1E8-A084B48D9CA1}"
EndProject
Global
	GlobalSection(SolutionConfigurationPlatforms) = preSolution
		Debug|Any CPU = Debug|Any CPU
		Release|Any CPU = Release|Any CPU
	EndGlobalSection
	GlobalSection(ProjectConfigurationPlatforms) = postSolution
		{3BE2906C-2C7A-4A73-A1E8-A084B48D9CA1}.Debug|Any CPU.ActiveCfg = Debug|Any CPU
		{3BE2906C-2C7A-4A73-A1E8-A084B48D9CA1}.Debug|Any CPU.Build.0 = Debug|Any CPU
		{3BE2906C-2C7A-4A73-A1E8-A084B48D9CA1}.Release|Any CPU.ActiveCfg = Release|Any CPU
		{3BE2906C-2C7A-4A73-A1E8-A084B48D9CA1}.Release|Any CPU.Build.0 = Release|Any CPU
	EndGlobalSection
	GlobalSection(SolutionProperties) = preSolution
		HideSolutionNode = FALSE
	EndGlobalSection
	GlobalSection(ExtensibilityGlobals) = postSolution
		SolutionGuid = {0CE5B7EA-D5E8-4B95-9D73-BECF8A24E3E3}
	EndGlobalSection
EndGlobal
