
Microsoft Visual Studio Solution File, Format Version 12.00
# Visual Studio Version 17
VisualStudioVersion = 17.1.32414.318
MinimumVisualStudioVersion = 10.0.40219.1
Project("{FAE04EC0-301F-11D3-BF4B-00C04F79EFBC}") = "16.5", "16.5.csproj", "{568A0FE8-380A-443A-8896-A70F84D0C80B}"
EndProject
Global
	GlobalSection(SolutionConfigurationPlatforms) = preSolution
		Debug|Any CPU = Debug|Any CPU
		Release|Any CPU = Release|Any CPU
	EndGlobalSection
	GlobalSection(ProjectConfigurationPlatforms) = postSolution
		{568A0FE8-380A-443A-8896-A70F84D0C80B}.Debug|Any CPU.ActiveCfg = Debug|Any CPU
		{568A0FE8-380A-443A-8896-A70F84D0C80B}.Debug|Any CPU.Build.0 = Debug|Any CPU
		{568A0FE8-380A-443A-8896-A70F84D0C80B}.Release|Any CPU.ActiveCfg = Release|Any CPU
		{568A0FE8-380A-443A-8896-A70F84D0C80B}.Release|Any CPU.Build.0 = Release|Any CPU
	EndGlobalSection
	GlobalSection(SolutionProperties) = preSolution
		HideSolutionNode = FALSE
	EndGlobalSection
	GlobalSection(ExtensibilityGlobals) = postSolution
		SolutionGuid = {E7E2BB63-BD14-4583-AB73-6400F744A1D8}
	EndGlobalSection
EndGlobal
