
Microsoft Visual Studio Solution File, Format Version 12.00
# Visual Studio Version 17
VisualStudioVersion = 17.1.32414.318
MinimumVisualStudioVersion = 10.0.40219.1
Project("{FAE04EC0-301F-11D3-BF4B-00C04F79EFBC}") = "BeginningCSharpAndDotNET_16_4_QueryPerson", "BeginningCSharpAndDotNET_16_4_QueryPerson.csproj", "{89216DCC-8B04-4009-AA32-8B39809A284C}"
EndProject
Global
	GlobalSection(SolutionConfigurationPlatforms) = preSolution
		Debug|Any CPU = Debug|Any CPU
		Release|Any CPU = Release|Any CPU
	EndGlobalSection
	GlobalSection(ProjectConfigurationPlatforms) = postSolution
		{89216DCC-8B04-4009-AA32-8B39809A284C}.Debug|Any CPU.ActiveCfg = Debug|Any CPU
		{89216DCC-8B04-4009-AA32-8B39809A284C}.Debug|Any CPU.Build.0 = Debug|Any CPU
		{89216DCC-8B04-4009-AA32-8B39809A284C}.Release|Any CPU.ActiveCfg = Release|Any CPU
		{89216DCC-8B04-4009-AA32-8B39809A284C}.Release|Any CPU.Build.0 = Release|Any CPU
	EndGlobalSection
	GlobalSection(SolutionProperties) = preSolution
		HideSolutionNode = FALSE
	EndGlobalSection
	GlobalSection(ExtensibilityGlobals) = postSolution
		SolutionGuid = {5AA9206F-9C86-45B5-A701-3A307688E864}
	EndGlobalSection
EndGlobal
