
Microsoft Visual Studio Solution File, Format Version 12.00
# Visual Studio Version 17
VisualStudioVersion = 17.1.32414.318
MinimumVisualStudioVersion = 10.0.40219.1
Project("{FAE04EC0-301F-11D3-BF4B-00C04F79EFBC}") = "BeginningCSharpAndDotNet_17_1_CodeFirstDatabase", "BeginningCSharpAndDotNet_17_1_CodeFirstDatabase.csproj", "{75BA1BB8-8609-49B8-BCF2-75FB2D343258}"
EndProject
Global
	GlobalSection(SolutionConfigurationPlatforms) = preSolution
		Debug|Any CPU = Debug|Any CPU
		Release|Any CPU = Release|Any CPU
	EndGlobalSection
	GlobalSection(ProjectConfigurationPlatforms) = postSolution
		{75BA1BB8-8609-49B8-BCF2-75FB2D343258}.Debug|Any CPU.ActiveCfg = Debug|Any CPU
		{75BA1BB8-8609-49B8-BCF2-75FB2D343258}.Debug|Any CPU.Build.0 = Debug|Any CPU
		{75BA1BB8-8609-49B8-BCF2-75FB2D343258}.Release|Any CPU.ActiveCfg = Release|Any CPU
		{75BA1BB8-8609-49B8-BCF2-75FB2D343258}.Release|Any CPU.Build.0 = Release|Any CPU
	EndGlobalSection
	GlobalSection(SolutionProperties) = preSolution
		HideSolutionNode = FALSE
	EndGlobalSection
	GlobalSection(ExtensibilityGlobals) = postSolution
		SolutionGuid = {2D620347-5FB7-4BCD-BD0F-82B1B4099535}
	EndGlobalSection
EndGlobal
