
Microsoft Visual Studio Solution File, Format Version 12.00
# Visual Studio Version 17
VisualStudioVersion = 17.1.32414.318
MinimumVisualStudioVersion = 10.0.40219.1
Project("{FAE04EC0-301F-11D3-BF4B-00C04F79EFBC}") = "Ch06Ex01", "Ch06Ex01.csproj", "{3A625B23-5A78-49EC-B17B-A58D7EDFE1D6}"
EndProject
Project("{FAE04EC0-301F-11D3-BF4B-00C04F79EFBC}") = "ExchangingData", "..\ExchangingData\ExchangingData.csproj", "{069D6B22-3BE0-47C4-814D-2065F5ED1D72}"
EndProject
Global
	GlobalSection(SolutionConfigurationPlatforms) = preSolution
		Debug|Any CPU = Debug|Any CPU
		Release|Any CPU = Release|Any CPU
	EndGlobalSection
	GlobalSection(ProjectConfigurationPlatforms) = postSolution
		{3A625B23-5A78-49EC-B17B-A58D7EDFE1D6}.Debug|Any CPU.ActiveCfg = Debug|Any CPU
		{3A625B23-5A78-49EC-B17B-A58D7EDFE1D6}.Debug|Any CPU.Build.0 = Debug|Any CPU
		{3A625B23-5A78-49EC-B17B-A58D7EDFE1D6}.Release|Any CPU.ActiveCfg = Release|Any CPU
		{3A625B23-5A78-49EC-B17B-A58D7EDFE1D6}.Release|Any CPU.Build.0 = Release|Any CPU
		{069D6B22-3BE0-47C4-814D-2065F5ED1D72}.Debug|Any CPU.ActiveCfg = Debug|Any CPU
		{069D6B22-3BE0-47C4-814D-2065F5ED1D72}.Debug|Any CPU.Build.0 = Debug|Any CPU
		{069D6B22-3BE0-47C4-814D-2065F5ED1D72}.Release|Any CPU.ActiveCfg = Release|Any CPU
		{069D6B22-3BE0-47C4-814D-2065F5ED1D72}.Release|Any CPU.Build.0 = Release|Any CPU
	EndGlobalSection
	GlobalSection(SolutionProperties) = preSolution
		HideSolutionNode = FALSE
	EndGlobalSection
	GlobalSection(ExtensibilityGlobals) = postSolution
		SolutionGuid = {5E96364D-275E-42C7-A28F-6C165E17D059}
	EndGlobalSection
EndGlobal
