
Microsoft Visual Studio Solution File, Format Version 12.00
# Visual Studio Version 17
VisualStudioVersion = 17.1.32414.318
MinimumVisualStudioVersion = 10.0.40219.1
Project("{FAE04EC0-301F-11D3-BF4B-00C04F79EFBC}") = "BeginningCSharpAndDotNET_16_3_QuerySyntax", "BeginningCSharpAndDotNET_16_3_QuerySyntax.csproj", "{5DFD3A2B-13F3-4925-AFC8-0700B6F6D190}"
EndProject
Global
	GlobalSection(SolutionConfigurationPlatforms) = preSolution
		Debug|Any CPU = Debug|Any CPU
		Release|Any CPU = Release|Any CPU
	EndGlobalSection
	GlobalSection(ProjectConfigurationPlatforms) = postSolution
		{5DFD3A2B-13F3-4925-AFC8-0700B6F6D190}.Debug|Any CPU.ActiveCfg = Debug|Any CPU
		{5DFD3A2B-13F3-4925-AFC8-0700B6F6D190}.Debug|Any CPU.Build.0 = Debug|Any CPU
		{5DFD3A2B-13F3-4925-AFC8-0700B6F6D190}.Release|Any CPU.ActiveCfg = Release|Any CPU
		{5DFD3A2B-13F3-4925-AFC8-0700B6F6D190}.Release|Any CPU.Build.0 = Release|Any CPU
	EndGlobalSection
	GlobalSection(SolutionProperties) = preSolution
		HideSolutionNode = FALSE
	EndGlobalSection
	GlobalSection(ExtensibilityGlobals) = postSolution
		SolutionGuid = {1C4F0D40-EFDF-4FB1-9A98-BD80B9300D9A}
	EndGlobalSection
EndGlobal
