
Microsoft Visual Studio Solution File, Format Version 12.00
# Visual Studio Version 17
VisualStudioVersion = 17.1.32414.318
MinimumVisualStudioVersion = 10.0.40219.1
Project("{FAE04EC0-301F-11D3-BF4B-00C04F79EFBC}") = "BeginningCSharpAndDotNET_16_9_MultiLevelOrdering", "BeginningCSharpAndDotNET_16_9_MultiLevelOrdering.csproj", "{8340AE4D-509D-4249-805A-6220898990D7}"
EndProject
Global
	GlobalSection(SolutionConfigurationPlatforms) = preSolution
		Debug|Any CPU = Debug|Any CPU
		Release|Any CPU = Release|Any CPU
	EndGlobalSection
	GlobalSection(ProjectConfigurationPlatforms) = postSolution
		{8340AE4D-509D-4249-805A-6220898990D7}.Debug|Any CPU.ActiveCfg = Debug|Any CPU
		{8340AE4D-509D-4249-805A-6220898990D7}.Debug|Any CPU.Build.0 = Debug|Any CPU
		{8340AE4D-509D-4249-805A-6220898990D7}.Release|Any CPU.ActiveCfg = Release|Any CPU
		{8340AE4D-509D-4249-805A-6220898990D7}.Release|Any CPU.Build.0 = Release|Any CPU
	EndGlobalSection
	GlobalSection(SolutionProperties) = preSolution
		HideSolutionNode = FALSE
	EndGlobalSection
	GlobalSection(ExtensibilityGlobals) = postSolution
		SolutionGuid = {82595D2B-9CFB-4FDD-9586-F3143C1BCD6B}
	EndGlobalSection
EndGlobal
