
Microsoft Visual Studio Solution File, Format Version 12.00
# Visual Studio Version 17
VisualStudioVersion = 17.1.32414.318
MinimumVisualStudioVersion = 10.0.40219.1
Project("{FAE04EC0-301F-11D3-BF4B-00C04F79EFBC}") = "Ch10.1Exercise", "Ch10.1Exercise\Ch10.1Exercise.csproj", "{D4ED9A8D-8BDE-42D3-A946-E7E0D5B4A5D1}"
EndProject
Global
	GlobalSection(SolutionConfigurationPlatforms) = preSolution
		Debug|Any CPU = Debug|Any CPU
		Release|Any CPU = Release|Any CPU
	EndGlobalSection
	GlobalSection(ProjectConfigurationPlatforms) = postSolution
		{D4ED9A8D-8BDE-42D3-A946-E7E0D5B4A5D1}.Debug|Any CPU.ActiveCfg = Debug|Any CPU
		{D4ED9A8D-8BDE-42D3-A946-E7E0D5B4A5D1}.Debug|Any CPU.Build.0 = Debug|Any CPU
		{D4ED9A8D-8BDE-42D3-A946-E7E0D5B4A5D1}.Release|Any CPU.ActiveCfg = Release|Any CPU
		{D4ED9A8D-8BDE-42D3-A946-E7E0D5B4A5D1}.Release|Any CPU.Build.0 = Release|Any CPU
	EndGlobalSection
	GlobalSection(SolutionProperties) = preSolution
		HideSolutionNode = FALSE
	EndGlobalSection
	GlobalSection(ExtensibilityGlobals) = postSolution
		SolutionGuid = {008F52FA-2EB4-4B20-9937-90560147789B}
	EndGlobalSection
EndGlobal
